version: 1
entries:
  anthropic-skills:
    source: git@github.com:anthropics/skills.git
    dest: /Users/weston/clients/westonplatter/agentically/./.claude/skills/
    resolved_ref: main
    commit: 69c0b1a0674149f27b61b2635f935524b6add202
    last_updated_at: 2026-01-31T21:05:21.108155Z
    checksum: sha256:030045ce794600899847fd8bee82c6c1e12294a14caf6f045b29ce5f854a18fa
  agents_md_from_partials:
    source:
      composite:
      - https://github.com/westonplatter/agentically.git:agents-md-partials/AGENTS.rust.md
    dest: /Users/weston/clients/westonplatter/agentically/./AGENTS.md
    last_updated_at: 2026-01-31T21:06:19.778174Z
    checksum: sha256:952b1dc551d9210c03d80be8719e350296fa21a679fc19f374552b08f1b4dba7
  address-github-comments:
    source: https://github.com/sickn33/antigravity-awesome-skills.git
    dest: /Users/weston/clients/westonplatter/agentically/./.claude/skills/address-github-comments/
    resolved_ref: main
    commit: 4c400ca1218d73b032351bc083b40743dd9ec055
    last_updated_at: 2026-01-31T21:05:22.991946Z
    checksum: sha256:9848155412e292ff7d03b16df2a259c55e8f1f5bd75a5757f2f68ba0d8bec0a1
